// !$*UTF8*$!
{
	archiveVersion = 1;
	classes = {
	};
	objectVersion = 56;
	objects = {

/* Begin PBXBuildFile section */
		6490064428FD779900C47AEB /* CustomCellIdioma.swift in Sources */ = {isa = PBXBuildFile; fileRef = 6490064328FD779900C47AEB /* CustomCellIdioma.swift */; };
		6490064828FD93FA00C47AEB /* CustomDataIdioma.swift in Sources */ = {isa = PBXBuildFile; fileRef = 6490064728FD93FA00C47AEB /* CustomDataIdioma.swift */; };
		6490064A28FDC76300C47AEB /* CustomCellLevel.swift in Sources */ = {isa = PBXBuildFile; fileRef = 6490064928FDC76300C47AEB /* CustomCellLevel.swift */; };
		6490064C28FDC9D600C47AEB /* CustomDataLevel.swift in Sources */ = {isa = PBXBuildFile; fileRef = 6490064B28FDC9D600C47AEB /* CustomDataLevel.swift */; };
		6490065028FED0BD00C47AEB /* ChoicesViewModel.swift in Sources */ = {isa = PBXBuildFile; fileRef = 6490064F28FED0BD00C47AEB /* ChoicesViewModel.swift */; };
		6490065428FEE82800C47AEB /* PickerViewController.swift in Sources */ = {isa = PBXBuildFile; fileRef = 6490065328FEE82800C47AEB /* PickerViewController.swift */; };
		6490065A28FF141400C47AEB /* PickerViewModel.swift in Sources */ = {isa = PBXBuildFile; fileRef = 6490065928FF141400C47AEB /* PickerViewModel.swift */; };
		6490065C28FF356800C47AEB /* MatchViewModel.swift in Sources */ = {isa = PBXBuildFile; fileRef = 6490065B28FF356800C47AEB /* MatchViewModel.swift */; };
		6490065E2900568C00C47AEB /* UserDefault.swift in Sources */ = {isa = PBXBuildFile; fileRef = 6490065D2900568C00C47AEB /* UserDefault.swift */; };
		6490066229016D4900C47AEB /* ChoichesEnglishView.swift in Sources */ = {isa = PBXBuildFile; fileRef = 6490066129016D4900C47AEB /* ChoichesEnglishView.swift */; };
		649006662902BE8D00C47AEB /* Hibo.xcdatamodeld in Sources */ = {isa = PBXBuildFile; fileRef = 649006642902BE8D00C47AEB /* Hibo.xcdatamodeld */; };
		6490066A2902DA6700C47AEB /* User+CoreDataClass.swift in Sources */ = {isa = PBXBuildFile; fileRef = 649006682902DA6700C47AEB /* User+CoreDataClass.swift */; };
		6490066B2902DA6700C47AEB /* User+CoreDataProperties.swift in Sources */ = {isa = PBXBuildFile; fileRef = 649006692902DA6700C47AEB /* User+CoreDataProperties.swift */; };
		64E4E91A28F57E9900C8C9EF /* AppDelegate.swift in Sources */ = {isa = PBXBuildFile; fileRef = 64E4E91928F57E9900C8C9EF /* AppDelegate.swift */; };
		64E4E91C28F57E9900C8C9EF /* SceneDelegate.swift in Sources */ = {isa = PBXBuildFile; fileRef = 64E4E91B28F57E9900C8C9EF /* SceneDelegate.swift */; };
		64E4E92328F57E9A00C8C9EF /* Assets.xcassets in Resources */ = {isa = PBXBuildFile; fileRef = 64E4E92228F57E9A00C8C9EF /* Assets.xcassets */; };
		64E4E92628F57E9A00C8C9EF /* LaunchScreen.storyboard in Resources */ = {isa = PBXBuildFile; fileRef = 64E4E92428F57E9A00C8C9EF /* LaunchScreen.storyboard */; };
		64E4E93128F57E9A00C8C9EF /* HiboTests.swift in Sources */ = {isa = PBXBuildFile; fileRef = 64E4E93028F57E9A00C8C9EF /* HiboTests.swift */; };
		64E4E93B28F57E9A00C8C9EF /* HiboUITests.swift in Sources */ = {isa = PBXBuildFile; fileRef = 64E4E93A28F57E9A00C8C9EF /* HiboUITests.swift */; };
		64E4E93D28F57E9A00C8C9EF /* HiboUITestsLaunchTests.swift in Sources */ = {isa = PBXBuildFile; fileRef = 64E4E93C28F57E9A00C8C9EF /* HiboUITestsLaunchTests.swift */; };
		64E4E94E28F5845A00C8C9EF /* API.swift in Sources */ = {isa = PBXBuildFile; fileRef = 64E4E94D28F5845A00C8C9EF /* API.swift */; };
		64E4E95228F584FB00C8C9EF /* IdiomasView.swift in Sources */ = {isa = PBXBuildFile; fileRef = 64E4E95128F584FB00C8C9EF /* IdiomasView.swift */; };
		64E4E95428F5851700C8C9EF /* IdiomasViewController.swift in Sources */ = {isa = PBXBuildFile; fileRef = 64E4E95328F5851700C8C9EF /* IdiomasViewController.swift */; };
		64E4E95628F5853900C8C9EF /* ChoichesFrenchView.swift in Sources */ = {isa = PBXBuildFile; fileRef = 64E4E95528F5853900C8C9EF /* ChoichesFrenchView.swift */; };
		64E4E95828F5854B00C8C9EF /* ChoicesFrenchViewController.swift in Sources */ = {isa = PBXBuildFile; fileRef = 64E4E95728F5854B00C8C9EF /* ChoicesFrenchViewController.swift */; };
		64E4E95A28F585B500C8C9EF /* MatchView.swift in Sources */ = {isa = PBXBuildFile; fileRef = 64E4E95928F585B500C8C9EF /* MatchView.swift */; };
		64E4E95C28F585CB00C8C9EF /* MatchViewController.swift in Sources */ = {isa = PBXBuildFile; fileRef = 64E4E95B28F585CB00C8C9EF /* MatchViewController.swift */; };
		64E4E95E28F586A100C8C9EF /* IdiomasViewModel.swift in Sources */ = {isa = PBXBuildFile; fileRef = 64E4E95D28F586A100C8C9EF /* IdiomasViewModel.swift */; };
/* End PBXBuildFile section */

/* Begin PBXContainerItemProxy section */
		64E4E92D28F57E9A00C8C9EF /* PBXContainerItemProxy */ = {
			isa = PBXContainerItemProxy;
			containerPortal = 64E4E90E28F57E9900C8C9EF /* Project object */;
			proxyType = 1;
			remoteGlobalIDString = 64E4E91528F57E9900C8C9EF;
			remoteInfo = Hibo;
		};
		64E4E93728F57E9A00C8C9EF /* PBXContainerItemProxy */ = {
			isa = PBXContainerItemProxy;
			containerPortal = 64E4E90E28F57E9900C8C9EF /* Project object */;
			proxyType = 1;
			remoteGlobalIDString = 64E4E91528F57E9900C8C9EF;
			remoteInfo = Hibo;
		};
/* End PBXContainerItemProxy section */

/* Begin PBXFileReference section */
		6490064328FD779900C47AEB /* CustomCellIdioma.swift */ = {isa = PBXFileReference; lastKnownFileType = sourcecode.swift; path = CustomCellIdioma.swift; sourceTree = "<group>"; };
		6490064728FD93FA00C47AEB /* CustomDataIdioma.swift */ = {isa = PBXFileReference; lastKnownFileType = sourcecode.swift; path = CustomDataIdioma.swift; sourceTree = "<group>"; };
		6490064928FDC76300C47AEB /* CustomCellLevel.swift */ = {isa = PBXFileReference; lastKnownFileType = sourcecode.swift; path = CustomCellLevel.swift; sourceTree = "<group>"; };
		6490064B28FDC9D600C47AEB /* CustomDataLevel.swift */ = {isa = PBXFileReference; lastKnownFileType = sourcecode.swift; path = CustomDataLevel.swift; sourceTree = "<group>"; };
		6490064F28FED0BD00C47AEB /* ChoicesViewModel.swift */ = {isa = PBXFileReference; lastKnownFileType = sourcecode.swift; path = ChoicesViewModel.swift; sourceTree = "<group>"; };
		6490065328FEE82800C47AEB /* PickerViewController.swift */ = {isa = PBXFileReference; lastKnownFileType = sourcecode.swift; path = PickerViewController.swift; sourceTree = "<group>"; };
		6490065928FF141400C47AEB /* PickerViewModel.swift */ = {isa = PBXFileReference; lastKnownFileType = sourcecode.swift; path = PickerViewModel.swift; sourceTree = "<group>"; };
		6490065B28FF356800C47AEB /* MatchViewModel.swift */ = {isa = PBXFileReference; lastKnownFileType = sourcecode.swift; path = MatchViewModel.swift; sourceTree = "<group>"; };
		6490065D2900568C00C47AEB /* UserDefault.swift */ = {isa = PBXFileReference; lastKnownFileType = sourcecode.swift; path = UserDefault.swift; sourceTree = "<group>"; };
		6490066129016D4900C47AEB /* ChoichesEnglishView.swift */ = {isa = PBXFileReference; lastKnownFileType = sourcecode.swift; path = ChoichesEnglishView.swift; sourceTree = "<group>"; };
		649006652902BE8D00C47AEB /* Hibo.xcdatamodel */ = {isa = PBXFileReference; lastKnownFileType = wrapper.xcdatamodel; path = Hibo.xcdatamodel; sourceTree = "<group>"; };
		649006682902DA6700C47AEB /* User+CoreDataClass.swift */ = {isa = PBXFileReference; lastKnownFileType = sourcecode.swift; path = "User+CoreDataClass.swift"; sourceTree = "<group>"; };
		649006692902DA6700C47AEB /* User+CoreDataProperties.swift */ = {isa = PBXFileReference; lastKnownFileType = sourcecode.swift; path = "User+CoreDataProperties.swift"; sourceTree = "<group>"; };
		64E4E91628F57E9900C8C9EF /* Hibo.app */ = {isa = PBXFileReference; explicitFileType = wrapper.application; includeInIndex = 0; path = Hibo.app; sourceTree = BUILT_PRODUCTS_DIR; };
		64E4E91928F57E9900C8C9EF /* AppDelegate.swift */ = {isa = PBXFileReference; lastKnownFileType = sourcecode.swift; path = AppDelegate.swift; sourceTree = "<group>"; };
		64E4E91B28F57E9900C8C9EF /* SceneDelegate.swift */ = {isa = PBXFileReference; lastKnownFileType = sourcecode.swift; path = SceneDelegate.swift; sourceTree = "<group>"; };
		64E4E92228F57E9A00C8C9EF /* Assets.xcassets */ = {isa = PBXFileReference; lastKnownFileType = folder.assetcatalog; path = Assets.xcassets; sourceTree = "<group>"; };
		64E4E92528F57E9A00C8C9EF /* Base */ = {isa = PBXFileReference; lastKnownFileType = file.storyboard; name = Base; path = Base.lproj/LaunchScreen.storyboard; sourceTree = "<group>"; };
		64E4E92728F57E9A00C8C9EF /* Info.plist */ = {isa = PBXFileReference; lastKnownFileType = text.plist.xml; path = Info.plist; sourceTree = "<group>"; };
		64E4E92C28F57E9A00C8C9EF /* HiboTests.xctest */ = {isa = PBXFileReference; explicitFileType = wrapper.cfbundle; includeInIndex = 0; path = HiboTests.xctest; sourceTree = BUILT_PRODUCTS_DIR; };
		64E4E93028F57E9A00C8C9EF /* HiboTests.swift */ = {isa = PBXFileReference; lastKnownFileType = sourcecode.swift; path = HiboTests.swift; sourceTree = "<group>"; };
		64E4E93628F57E9A00C8C9EF /* HiboUITests.xctest */ = {isa = PBXFileReference; explicitFileType = wrapper.cfbundle; includeInIndex = 0; path = HiboUITests.xctest; sourceTree = BUILT_PRODUCTS_DIR; };
		64E4E93A28F57E9A00C8C9EF /* HiboUITests.swift */ = {isa = PBXFileReference; lastKnownFileType = sourcecode.swift; path = HiboUITests.swift; sourceTree = "<group>"; };
		64E4E93C28F57E9A00C8C9EF /* HiboUITestsLaunchTests.swift */ = {isa = PBXFileReference; lastKnownFileType = sourcecode.swift; path = HiboUITestsLaunchTests.swift; sourceTree = "<group>"; };
		64E4E94D28F5845A00C8C9EF /* API.swift */ = {isa = PBXFileReference; lastKnownFileType = sourcecode.swift; path = API.swift; sourceTree = "<group>"; };
		64E4E95128F584FB00C8C9EF /* IdiomasView.swift */ = {isa = PBXFileReference; lastKnownFileType = sourcecode.swift; path = IdiomasView.swift; sourceTree = "<group>"; };
		64E4E95328F5851700C8C9EF /* IdiomasViewController.swift */ = {isa = PBXFileReference; lastKnownFileType = sourcecode.swift; path = IdiomasViewController.swift; sourceTree = "<group>"; };
		64E4E95528F5853900C8C9EF /* ChoichesFrenchView.swift */ = {isa = PBXFileReference; lastKnownFileType = sourcecode.swift; path = ChoichesFrenchView.swift; sourceTree = "<group>"; };
		64E4E95728F5854B00C8C9EF /* ChoicesFrenchViewController.swift */ = {isa = PBXFileReference; lastKnownFileType = sourcecode.swift; path = ChoicesFrenchViewController.swift; sourceTree = "<group>"; };
		64E4E95928F585B500C8C9EF /* MatchView.swift */ = {isa = PBXFileReference; lastKnownFileType = sourcecode.swift; path = MatchView.swift; sourceTree = "<group>"; };
		64E4E95B28F585CB00C8C9EF /* MatchViewController.swift */ = {isa = PBXFileReference; lastKnownFileType = sourcecode.swift; path = MatchViewController.swift; sourceTree = "<group>"; };
		64E4E95D28F586A100C8C9EF /* IdiomasViewModel.swift */ = {isa = PBXFileReference; lastKnownFileType = sourcecode.swift; path = IdiomasViewModel.swift; sourceTree = "<group>"; };
/* End PBXFileReference section */

/* Begin PBXFrameworksBuildPhase section */
		64E4E91328F57E9900C8C9EF /* Frameworks */ = {
			isa = PBXFrameworksBuildPhase;
			buildActionMask = 2147483647;
			files = (
			);
			runOnlyForDeploymentPostprocessing = 0;
		};
		64E4E92928F57E9A00C8C9EF /* Frameworks */ = {
			isa = PBXFrameworksBuildPhase;
			buildActionMask = 2147483647;
			files = (
			);
			runOnlyForDeploymentPostprocessing = 0;
		};
		64E4E93328F57E9A00C8C9EF /* Frameworks */ = {
			isa = PBXFrameworksBuildPhase;
			buildActionMask = 2147483647;
			files = (
			);
			runOnlyForDeploymentPostprocessing = 0;
		};
/* End PBXFrameworksBuildPhase section */

/* Begin PBXGroup section */
		649006632901936B00C47AEB /* ModelIdiomasTestes */ = {
			isa = PBXGroup;
			children = (
				64E4E93028F57E9A00C8C9EF /* HiboTests.swift */,
			);
			path = ModelIdiomasTestes;
			sourceTree = "<group>";
		};
		649006672902BE9E00C47AEB /* Core Data */ = {
			isa = PBXGroup;
			children = (
				649006642902BE8D00C47AEB /* Hibo.xcdatamodeld */,
			);
			path = "Core Data";
			sourceTree = "<group>";
		};
		64E4E90D28F57E9900C8C9EF = {
			isa = PBXGroup;
			children = (
				649006672902BE9E00C47AEB /* Core Data */,
				64E4E91828F57E9900C8C9EF /* Hibo */,
				64E4E94C28F583ED00C8C9EF /* ViewModel */,
				64E4E94B28F583CB00C8C9EF /* Service */,
				64E4E94A28F5839D00C8C9EF /* View */,
				64E4E92F28F57E9A00C8C9EF /* HiboTests */,
				64E4E93928F57E9A00C8C9EF /* HiboUITests */,
				64E4E91728F57E9900C8C9EF /* Products */,
			);
			sourceTree = "<group>";
		};
		64E4E91728F57E9900C8C9EF /* Products */ = {
			isa = PBXGroup;
			children = (
				64E4E91628F57E9900C8C9EF /* Hibo.app */,
				64E4E92C28F57E9A00C8C9EF /* HiboTests.xctest */,
				64E4E93628F57E9A00C8C9EF /* HiboUITests.xctest */,
			);
			name = Products;
			sourceTree = "<group>";
		};
		64E4E91828F57E9900C8C9EF /* Hibo */ = {
			isa = PBXGroup;
			children = (
				64E4E91928F57E9900C8C9EF /* AppDelegate.swift */,
				64E4E91B28F57E9900C8C9EF /* SceneDelegate.swift */,
				64E4E92228F57E9A00C8C9EF /* Assets.xcassets */,
				64E4E92428F57E9A00C8C9EF /* LaunchScreen.storyboard */,
				64E4E92728F57E9A00C8C9EF /* Info.plist */,
				64E4E94928F5838D00C8C9EF /* Model */,
			);
			path = Hibo;
			sourceTree = "<group>";
		};
		64E4E92F28F57E9A00C8C9EF /* HiboTests */ = {
			isa = PBXGroup;
			children = (
				649006632901936B00C47AEB /* ModelIdiomasTestes */,
			);
			path = HiboTests;
			sourceTree = "<group>";
		};
		64E4E93928F57E9A00C8C9EF /* HiboUITests */ = {
			isa = PBXGroup;
			children = (
				64E4E93A28F57E9A00C8C9EF /* HiboUITests.swift */,
				64E4E93C28F57E9A00C8C9EF /* HiboUITestsLaunchTests.swift */,
			);
			path = HiboUITests;
			sourceTree = "<group>";
		};
		64E4E94928F5838D00C8C9EF /* Model */ = {
			isa = PBXGroup;
			children = (
				649006692902DA6700C47AEB /* User+CoreDataProperties.swift */,
				649006682902DA6700C47AEB /* User+CoreDataClass.swift */,
				6490064728FD93FA00C47AEB /* CustomDataIdioma.swift */,
				6490064B28FDC9D600C47AEB /* CustomDataLevel.swift */,
			);
			path = Model;
			sourceTree = "<group>";
		};
		64E4E94A28F5839D00C8C9EF /* View */ = {
			isa = PBXGroup;
			children = (
				64E4E95128F584FB00C8C9EF /* IdiomasView.swift */,
				64E4E95328F5851700C8C9EF /* IdiomasViewController.swift */,
				64E4E95528F5853900C8C9EF /* ChoichesFrenchView.swift */,
				6490066129016D4900C47AEB /* ChoichesEnglishView.swift */,
				64E4E95728F5854B00C8C9EF /* ChoicesFrenchViewController.swift */,
				64E4E95928F585B500C8C9EF /* MatchView.swift */,
				64E4E95B28F585CB00C8C9EF /* MatchViewController.swift */,
				6490064328FD779900C47AEB /* CustomCellIdioma.swift */,
				6490064928FDC76300C47AEB /* CustomCellLevel.swift */,
				6490065328FEE82800C47AEB /* PickerViewController.swift */,
			);
			path = View;
			sourceTree = "<group>";
		};
		64E4E94B28F583CB00C8C9EF /* Service */ = {
			isa = PBXGroup;
			children = (
				64E4E94D28F5845A00C8C9EF /* API.swift */,
				6490065D2900568C00C47AEB /* UserDefault.swift */,
			);
			path = Service;
			sourceTree = "<group>";
		};
		64E4E94C28F583ED00C8C9EF /* ViewModel */ = {
			isa = PBXGroup;
			children = (
				64E4E95D28F586A100C8C9EF /* IdiomasViewModel.swift */,
				6490064F28FED0BD00C47AEB /* ChoicesViewModel.swift */,
				6490065928FF141400C47AEB /* PickerViewModel.swift */,
				6490065B28FF356800C47AEB /* MatchViewModel.swift */,
			);
			path = ViewModel;
			sourceTree = "<group>";
		};
/* End PBXGroup section */

/* Begin PBXNativeTarget section */
		64E4E91528F57E9900C8C9EF /* Hibo */ = {
			isa = PBXNativeTarget;
			buildConfigurationList = 64E4E94028F57E9A00C8C9EF /* Build configuration list for PBXNativeTarget "Hibo" */;
			buildPhases = (
				64E4E91228F57E9900C8C9EF /* Sources */,
				64E4E91328F57E9900C8C9EF /* Frameworks */,
				64E4E91428F57E9900C8C9EF /* Resources */,
				643D3DFC28F5A6B90076732C /* ShellScript */,
			);
			buildRules = (
			);
			dependencies = (
			);
			name = Hibo;
			productName = Hibo;
			productReference = 64E4E91628F57E9900C8C9EF /* Hibo.app */;
			productType = "com.apple.product-type.application";
		};
		64E4E92B28F57E9A00C8C9EF /* HiboTests */ = {
			isa = PBXNativeTarget;
			buildConfigurationList = 64E4E94328F57E9A00C8C9EF /* Build configuration list for PBXNativeTarget "HiboTests" */;
			buildPhases = (
				64E4E92828F57E9A00C8C9EF /* Sources */,
				64E4E92928F57E9A00C8C9EF /* Frameworks */,
				64E4E92A28F57E9A00C8C9EF /* Resources */,
			);
			buildRules = (
			);
			dependencies = (
				64E4E92E28F57E9A00C8C9EF /* PBXTargetDependency */,
			);
			name = HiboTests;
			productName = HiboTests;
			productReference = 64E4E92C28F57E9A00C8C9EF /* HiboTests.xctest */;
			productType = "com.apple.product-type.bundle.unit-test";
		};
		64E4E93528F57E9A00C8C9EF /* HiboUITests */ = {
			isa = PBXNativeTarget;
			buildConfigurationList = 64E4E94628F57E9A00C8C9EF /* Build configuration list for PBXNativeTarget "HiboUITests" */;
			buildPhases = (
				64E4E93228F57E9A00C8C9EF /* Sources */,
				64E4E93328F57E9A00C8C9EF /* Frameworks */,
				64E4E93428F57E9A00C8C9EF /* Resources */,
			);
			buildRules = (
			);
			dependencies = (
				64E4E93828F57E9A00C8C9EF /* PBXTargetDependency */,
			);
			name = HiboUITests;
			productName = HiboUITests;
			productReference = 64E4E93628F57E9A00C8C9EF /* HiboUITests.xctest */;
			productType = "com.apple.product-type.bundle.ui-testing";
		};
/* End PBXNativeTarget section */

/* Begin PBXProject section */
		64E4E90E28F57E9900C8C9EF /* Project object */ = {
			isa = PBXProject;
			attributes = {
				BuildIndependentTargetsInParallel = 1;
				LastSwiftUpdateCheck = 1400;
				LastUpgradeCheck = 1400;
				TargetAttributes = {
					64E4E91528F57E9900C8C9EF = {
						CreatedOnToolsVersion = 14.0;
					};
					64E4E92B28F57E9A00C8C9EF = {
						CreatedOnToolsVersion = 14.0;
						TestTargetID = 64E4E91528F57E9900C8C9EF;
					};
					64E4E93528F57E9A00C8C9EF = {
						CreatedOnToolsVersion = 14.0;
						TestTargetID = 64E4E91528F57E9900C8C9EF;
					};
				};
			};
			buildConfigurationList = 64E4E91128F57E9900C8C9EF /* Build configuration list for PBXProject "Hibo" */;
			compatibilityVersion = "Xcode 14.0";
			developmentRegion = en;
			hasScannedForEncodings = 0;
			knownRegions = (
				en,
				Base,
			);
			mainGroup = 64E4E90D28F57E9900C8C9EF;
			productRefGroup = 64E4E91728F57E9900C8C9EF /* Products */;
			projectDirPath = "";
			projectRoot = "";
			targets = (
				64E4E91528F57E9900C8C9EF /* Hibo */,
				64E4E92B28F57E9A00C8C9EF /* HiboTests */,
				64E4E93528F57E9A00C8C9EF /* HiboUITests */,
			);
		};
/* End PBXProject section */

/* Begin PBXResourcesBuildPhase section */
		64E4E91428F57E9900C8C9EF /* Resources */ = {
			isa = PBXResourcesBuildPhase;
			buildActionMask = 2147483647;
			files = (
				64E4E92628F57E9A00C8C9EF /* LaunchScreen.storyboard in Resources */,
				64E4E92328F57E9A00C8C9EF /* Assets.xcassets in Resources */,
			);
			runOnlyForDeploymentPostprocessing = 0;
		};
		64E4E92A28F57E9A00C8C9EF /* Resources */ = {
			isa = PBXResourcesBuildPhase;
			buildActionMask = 2147483647;
			files = (
			);
			runOnlyForDeploymentPostprocessing = 0;
		};
		64E4E93428F57E9A00C8C9EF /* Resources */ = {
			isa = PBXResourcesBuildPhase;
			buildActionMask = 2147483647;
			files = (
			);
			runOnlyForDeploymentPostprocessing = 0;
		};
/* End PBXResourcesBuildPhase section */

/* Begin PBXShellScriptBuildPhase section */
		643D3DFC28F5A6B90076732C /* ShellScript */ = {
			isa = PBXShellScriptBuildPhase;
			buildActionMask = 2147483647;
			files = (
			);
			inputFileListPaths = (
			);
			inputPaths = (
			);
			outputFileListPaths = (
			);
			outputPaths = (
			);
			runOnlyForDeploymentPostprocessing = 0;
			shellPath = /bin/sh;
			shellScript = "# Type a script or drag a script file from your workspace to insert its path.\nexport PATH=\"$PATH:/opt/homebrew/bin\"\nif which swiftlint > /dev/null; then\n  swiftlint\nelse\n  echo \"warning: SwiftLint not installed, download from https://github.com/realm/SwiftLint\"\nfi\n";
		};
/* End PBXShellScriptBuildPhase section */

/* Begin PBXSourcesBuildPhase section */
		64E4E91228F57E9900C8C9EF /* Sources */ = {
			isa = PBXSourcesBuildPhase;
			buildActionMask = 2147483647;
			files = (
				64E4E95228F584FB00C8C9EF /* IdiomasView.swift in Sources */,
				64E4E95628F5853900C8C9EF /* ChoichesFrenchView.swift in Sources */,
				6490065A28FF141400C47AEB /* PickerViewModel.swift in Sources */,
				6490064828FD93FA00C47AEB /* CustomDataIdioma.swift in Sources */,
				64E4E95828F5854B00C8C9EF /* ChoicesFrenchViewController.swift in Sources */,
				64E4E91A28F57E9900C8C9EF /* AppDelegate.swift in Sources */,
				6490065C28FF356800C47AEB /* MatchViewModel.swift in Sources */,
				649006662902BE8D00C47AEB /* Hibo.xcdatamodeld in Sources */,
				6490066A2902DA6700C47AEB /* User+CoreDataClass.swift in Sources */,
				6490065428FEE82800C47AEB /* PickerViewController.swift in Sources */,
				6490064428FD779900C47AEB /* CustomCellIdioma.swift in Sources */,
				64E4E94E28F5845A00C8C9EF /* API.swift in Sources */,
				64E4E95A28F585B500C8C9EF /* MatchView.swift in Sources */,
				6490064A28FDC76300C47AEB /* CustomCellLevel.swift in Sources */,
				6490065E2900568C00C47AEB /* UserDefault.swift in Sources */,
				6490066229016D4900C47AEB /* ChoichesEnglishView.swift in Sources */,
				64E4E95C28F585CB00C8C9EF /* MatchViewController.swift in Sources */,
				64E4E91C28F57E9900C8C9EF /* SceneDelegate.swift in Sources */,
				6490065028FED0BD00C47AEB /* ChoicesViewModel.swift in Sources */,
				6490066B2902DA6700C47AEB /* User+CoreDataProperties.swift in Sources */,
				64E4E95E28F586A100C8C9EF /* IdiomasViewModel.swift in Sources */,
				64E4E95428F5851700C8C9EF /* IdiomasViewController.swift in Sources */,
				6490064C28FDC9D600C47AEB /* CustomDataLevel.swift in Sources */,
			);
			runOnlyForDeploymentPostprocessing = 0;
		};
		64E4E92828F57E9A00C8C9EF /* Sources */ = {
			isa = PBXSourcesBuildPhase;
			buildActionMask = 2147483647;
			files = (
				64E4E93128F57E9A00C8C9EF /* HiboTests.swift in Sources */,
			);
			runOnlyForDeploymentPostprocessing = 0;
		};
		64E4E93228F57E9A00C8C9EF /* Sources */ = {
			isa = PBXSourcesBuildPhase;
			buildActionMask = 2147483647;
			files = (
				64E4E93D28F57E9A00C8C9EF /* HiboUITestsLaunchTests.swift in Sources */,
				64E4E93B28F57E9A00C8C9EF /* HiboUITests.swift in Sources */,
			);
			runOnlyForDeploymentPostprocessing = 0;
		};
/* End PBXSourcesBuildPhase section */

/* Begin PBXTargetDependency section */
		64E4E92E28F57E9A00C8C9EF /* PBXTargetDependency */ = {
			isa = PBXTargetDependency;
			target = 64E4E91528F57E9900C8C9EF /* Hibo */;
			targetProxy = 64E4E92D28F57E9A00C8C9EF /* PBXContainerItemProxy */;
		};
		64E4E93828F57E9A00C8C9EF /* PBXTargetDependency */ = {
			isa = PBXTargetDependency;
			target = 64E4E91528F57E9900C8C9EF /* Hibo */;
			targetProxy = 64E4E93728F57E9A00C8C9EF /* PBXContainerItemProxy */;
		};
/* End PBXTargetDependency section */

/* Begin PBXVariantGroup section */
		64E4E92428F57E9A00C8C9EF /* LaunchScreen.storyboard */ = {
			isa = PBXVariantGroup;
			children = (
				64E4E92528F57E9A00C8C9EF /* Base */,
			);
			name = LaunchScreen.storyboard;
			sourceTree = "<group>";
		};
/* End PBXVariantGroup section */

/* Begin XCBuildConfiguration section */
		64E4E93E28F57E9A00C8C9EF /* Debug */ = {
			isa = XCBuildConfiguration;
			buildSettings = {
				ALWAYS_SEARCH_USER_PATHS = NO;
				CLANG_ANALYZER_NONNULL = YES;
				CLANG_ANALYZER_NUMBER_OBJECT_CONVERSION = YES_AGGRESSIVE;
				CLANG_CXX_LANGUAGE_STANDARD = "gnu++20";
				CLANG_ENABLE_MODULES = YES;
				CLANG_ENABLE_OBJC_ARC = YES;
				CLANG_ENABLE_OBJC_WEAK = YES;
				CLANG_WARN_BLOCK_CAPTURE_AUTORELEASING = YES;
				CLANG_WARN_BOOL_CONVERSION = YES;
				CLANG_WARN_COMMA = YES;
				CLANG_WARN_CONSTANT_CONVERSION = YES;
				CLANG_WARN_DEPRECATED_OBJC_IMPLEMENTATIONS = YES;
				CLANG_WARN_DIRECT_OBJC_ISA_USAGE = YES_ERROR;
				CLANG_WARN_DOCUMENTATION_COMMENTS = YES;
				CLANG_WARN_EMPTY_BODY = YES;
				CLANG_WARN_ENUM_CONVERSION = YES;
				CLANG_WARN_INFINITE_RECURSION = YES;
				CLANG_WARN_INT_CONVERSION = YES;
				CLANG_WARN_NON_LITERAL_NULL_CONVERSION = YES;
				CLANG_WARN_OBJC_IMPLICIT_RETAIN_SELF = YES;
				CLANG_WARN_OBJC_LITERAL_CONVERSION = YES;
				CLANG_WARN_OBJC_ROOT_CLASS = YES_ERROR;
				CLANG_WARN_QUOTED_INCLUDE_IN_FRAMEWORK_HEADER = YES;
				CLANG_WARN_RANGE_LOOP_ANALYSIS = YES;
				CLANG_WARN_STRICT_PROTOTYPES = YES;
				CLANG_WARN_SUSPICIOUS_MOVE = YES;
				CLANG_WARN_UNGUARDED_AVAILABILITY = YES_AGGRESSIVE;
				CLANG_WARN_UNREACHABLE_CODE = YES;
				CLANG_WARN__DUPLICATE_METHOD_MATCH = YES;
				COPY_PHASE_STRIP = NO;
				DEBUG_INFORMATION_FORMAT = dwarf;
				ENABLE_STRICT_OBJC_MSGSEND = YES;
				ENABLE_TESTABILITY = YES;
				GCC_C_LANGUAGE_STANDARD = gnu11;
				GCC_DYNAMIC_NO_PIC = NO;
				GCC_NO_COMMON_BLOCKS = YES;
				GCC_OPTIMIZATION_LEVEL = 0;
				GCC_PREPROCESSOR_DEFINITIONS = (
					"DEBUG=1",
					"$(inherited)",
				);
				GCC_WARN_64_TO_32_BIT_CONVERSION = YES;
				GCC_WARN_ABOUT_RETURN_TYPE = YES_ERROR;
				GCC_WARN_UNDECLARED_SELECTOR = YES;
				GCC_WARN_UNINITIALIZED_AUTOS = YES_AGGRESSIVE;
				GCC_WARN_UNUSED_FUNCTION = YES;
				GCC_WARN_UNUSED_VARIABLE = YES;
				IPHONEOS_DEPLOYMENT_TARGET = 16.0;
				MTL_ENABLE_DEBUG_INFO = INCLUDE_SOURCE;
				MTL_FAST_MATH = YES;
				ONLY_ACTIVE_ARCH = YES;
				SDKROOT = iphoneos;
				SWIFT_ACTIVE_COMPILATION_CONDITIONS = DEBUG;
				SWIFT_OPTIMIZATION_LEVEL = "-Onone";
			};
			name = Debug;
		};
		64E4E93F28F57E9A00C8C9EF /* Release */ = {
			isa = XCBuildConfiguration;
			buildSettings = {
				ALWAYS_SEARCH_USER_PATHS = NO;
				CLANG_ANALYZER_NONNULL = YES;
				CLANG_ANALYZER_NUMBER_OBJECT_CONVERSION = YES_AGGRESSIVE;
				CLANG_CXX_LANGUAGE_STANDARD = "gnu++20";
				CLANG_ENABLE_MODULES = YES;
				CLANG_ENABLE_OBJC_ARC = YES;
				CLANG_ENABLE_OBJC_WEAK = YES;
				CLANG_WARN_BLOCK_CAPTURE_AUTORELEASING = YES;
				CLANG_WARN_BOOL_CONVERSION = YES;
				CLANG_WARN_COMMA = YES;
				CLANG_WARN_CONSTANT_CONVERSION = YES;
				CLANG_WARN_DEPRECATED_OBJC_IMPLEMENTATIONS = YES;
				CLANG_WARN_DIRECT_OBJC_ISA_USAGE = YES_ERROR;
				CLANG_WARN_DOCUMENTATION_COMMENTS = YES;
				CLANG_WARN_EMPTY_BODY = YES;
				CLANG_WARN_ENUM_CONVERSION = YES;
				CLANG_WARN_INFINITE_RECURSION = YES;
				CLANG_WARN_INT_CONVERSION = YES;
				CLANG_WARN_NON_LITERAL_NULL_CONVERSION = YES;
				CLANG_WARN_OBJC_IMPLICIT_RETAIN_SELF = YES;
				CLANG_WARN_OBJC_LITERAL_CONVERSION = YES;
				CLANG_WARN_OBJC_ROOT_CLASS = YES_ERROR;
				CLANG_WARN_QUOTED_INCLUDE_IN_FRAMEWORK_HEADER = YES;
				CLANG_WARN_RANGE_LOOP_ANALYSIS = YES;
				CLANG_WARN_STRICT_PROTOTYPES = YES;
				CLANG_WARN_SUSPICIOUS_MOVE = YES;
				CLANG_WARN_UNGUARDED_AVAILABILITY = YES_AGGRESSIVE;
				CLANG_WARN_UNREACHABLE_CODE = YES;
				CLANG_WARN__DUPLICATE_METHOD_MATCH = YES;
				COPY_PHASE_STRIP = NO;
				DEBUG_INFORMATION_FORMAT = "dwarf-with-dsym";
				ENABLE_NS_ASSERTIONS = NO;
				ENABLE_STRICT_OBJC_MSGSEND = YES;
				GCC_C_LANGUAGE_STANDARD = gnu11;
				GCC_NO_COMMON_BLOCKS = YES;
				GCC_WARN_64_TO_32_BIT_CONVERSION = YES;
				GCC_WARN_ABOUT_RETURN_TYPE = YES_ERROR;
				GCC_WARN_UNDECLARED_SELECTOR = YES;
				GCC_WARN_UNINITIALIZED_AUTOS = YES_AGGRESSIVE;
				GCC_WARN_UNUSED_FUNCTION = YES;
				GCC_WARN_UNUSED_VARIABLE = YES;
				IPHONEOS_DEPLOYMENT_TARGET = 16.0;
				MTL_ENABLE_DEBUG_INFO = NO;
				MTL_FAST_MATH = YES;
				SDKROOT = iphoneos;
				SWIFT_COMPILATION_MODE = wholemodule;
				SWIFT_OPTIMIZATION_LEVEL = "-O";
				VALIDATE_PRODUCT = YES;
			};
			name = Release;
		};
		64E4E94128F57E9A00C8C9EF /* Debug */ = {
			isa = XCBuildConfiguration;
			buildSettings = {
				ASSETCATALOG_COMPILER_APPICON_NAME = AppIcon;
				ASSETCATALOG_COMPILER_GLOBAL_ACCENT_COLOR_NAME = AccentColor;
				CODE_SIGN_STYLE = Automatic;
				CURRENT_PROJECT_VERSION = 1;
				DEVELOPMENT_TEAM = D77WMSS6V2;
				GENERATE_INFOPLIST_FILE = YES;
				INFOPLIST_FILE = Hibo/Info.plist;
				INFOPLIST_KEY_UIApplicationSupportsIndirectInputEvents = YES;
				INFOPLIST_KEY_UILaunchStoryboardName = LaunchScreen;
				INFOPLIST_KEY_UISupportedInterfaceOrientations_iPad = "UIInterfaceOrientationPortrait UIInterfaceOrientationPortraitUpsideDown UIInterfaceOrientationLandscapeLeft UIInterfaceOrientationLandscapeRight";
				INFOPLIST_KEY_UISupportedInterfaceOrientations_iPhone = "UIInterfaceOrientationPortrait UIInterfaceOrientationLandscapeLeft UIInterfaceOrientationLandscapeRight";
				LD_RUNPATH_SEARCH_PATHS = (
					"$(inherited)",
					"@executable_path/Frameworks",
				);
				MARKETING_VERSION = 1.0;
				PRODUCT_BUNDLE_IDENTIFIER = "Apple-Academy.Hibo";
				PRODUCT_NAME = "$(TARGET_NAME)";
				SWIFT_EMIT_LOC_STRINGS = YES;
				SWIFT_VERSION = 5.0;
				TARGETED_DEVICE_FAMILY = "1,2";
			};
			name = Debug;
		};
		64E4E94228F57E9A00C8C9EF /* Release */ = {
			isa = XCBuildConfiguration;
			buildSettings = {
				ASSETCATALOG_COMPILER_APPICON_NAME = AppIcon;
				ASSETCATALOG_COMPILER_GLOBAL_ACCENT_COLOR_NAME = AccentColor;
				CODE_SIGN_STYLE = Automatic;
				CURRENT_PROJECT_VERSION = 1;
				DEVELOPMENT_TEAM = D77WMSS6V2;
				GENERATE_INFOPLIST_FILE = YES;
				INFOPLIST_FILE = Hibo/Info.plist;
				INFOPLIST_KEY_UIApplicationSupportsIndirectInputEvents = YES;
				INFOPLIST_KEY_UILaunchStoryboardName = LaunchScreen;
				INFOPLIST_KEY_UISupportedInterfaceOrientations_iPad = "UIInterfaceOrientationPortrait UIInterfaceOrientationPortraitUpsideDown UIInterfaceOrientationLandscapeLeft UIInterfaceOrientationLandscapeRight";
				INFOPLIST_KEY_UISupportedInterfaceOrientations_iPhone = "UIInterfaceOrientationPortrait UIInterfaceOrientationLandscapeLeft UIInterfaceOrientationLandscapeRight";
				LD_RUNPATH_SEARCH_PATHS = (
					"$(inherited)",
					"@executable_path/Frameworks",
				);
				MARKETING_VERSION = 1.0;
				PRODUCT_BUNDLE_IDENTIFIER = "Apple-Academy.Hibo";
				PRODUCT_NAME = "$(TARGET_NAME)";
				SWIFT_EMIT_LOC_STRINGS = YES;
				SWIFT_VERSION = 5.0;
				TARGETED_DEVICE_FAMILY = "1,2";
			};
			name = Release;
		};
		64E4E94428F57E9A00C8C9EF /* Debug */ = {
			isa = XCBuildConfiguration;
			buildSettings = {
				ALWAYS_EMBED_SWIFT_STANDARD_LIBRARIES = YES;
				BUNDLE_LOADER = "$(TEST_HOST)";
				CODE_SIGN_STYLE = Automatic;
				CURRENT_PROJECT_VERSION = 1;
				DEVELOPMENT_TEAM = D77WMSS6V2;
				GENERATE_INFOPLIST_FILE = YES;
				IPHONEOS_DEPLOYMENT_TARGET = 16.0;
				MARKETING_VERSION = 1.0;
				PRODUCT_BUNDLE_IDENTIFIER = "Apple-Academy.HiboTests";
				PRODUCT_NAME = "$(TARGET_NAME)";
				SWIFT_EMIT_LOC_STRINGS = NO;
				SWIFT_VERSION = 5.0;
				TARGETED_DEVICE_FAMILY = "1,2";
				TEST_HOST = "$(BUILT_PRODUCTS_DIR)/Hibo.app/$(BUNDLE_EXECUTABLE_FOLDER_PATH)/Hibo";
			};
			name = Debug;
		};
		64E4E94528F57E9A00C8C9EF /* Release */ = {
			isa = XCBuildConfiguration;
			buildSettings = {
				ALWAYS_EMBED_SWIFT_STANDARD_LIBRARIES = YES;
				BUNDLE_LOADER = "$(TEST_HOST)";
				CODE_SIGN_STYLE = Automatic;
				CURRENT_PROJECT_VERSION = 1;
				DEVELOPMENT_TEAM = D77WMSS6V2;
				GENERATE_INFOPLIST_FILE = YES;
				IPHONEOS_DEPLOYMENT_TARGET = 16.0;
				MARKETING_VERSION = 1.0;
				PRODUCT_BUNDLE_IDENTIFIER = "Apple-Academy.HiboTests";
				PRODUCT_NAME = "$(TARGET_NAME)";
				SWIFT_EMIT_LOC_STRINGS = NO;
				SWIFT_VERSION = 5.0;
				TARGETED_DEVICE_FAMILY = "1,2";
				TEST_HOST = "$(BUILT_PRODUCTS_DIR)/Hibo.app/$(BUNDLE_EXECUTABLE_FOLDER_PATH)/Hibo";
			};
			name = Release;
		};
		64E4E94728F57E9A00C8C9EF /* Debug */ = {
			isa = XCBuildConfiguration;
			buildSettings = {
				ALWAYS_EMBED_SWIFT_STANDARD_LIBRARIES = YES;
				CODE_SIGN_STYLE = Automatic;
				CURRENT_PROJECT_VERSION = 1;
				DEVELOPMENT_TEAM = D77WMSS6V2;
				GENERATE_INFOPLIST_FILE = YES;
				MARKETING_VERSION = 1.0;
				PRODUCT_BUNDLE_IDENTIFIER = "Apple-Academy.HiboUITests";
				PRODUCT_NAME = "$(TARGET_NAME)";
				SWIFT_EMIT_LOC_STRINGS = NO;
				SWIFT_VERSION = 5.0;
				TARGETED_DEVICE_FAMILY = "1,2";
				TEST_TARGET_NAME = Hibo;
			};
			name = Debug;
		};
		64E4E94828F57E9A00C8C9EF /* Release */ = {
			isa = XCBuildConfiguration;
			buildSettings = {
				ALWAYS_EMBED_SWIFT_STANDARD_LIBRARIES = YES;
				CODE_SIGN_STYLE = Automatic;
				CURRENT_PROJECT_VERSION = 1;
				DEVELOPMENT_TEAM = D77WMSS6V2;
				GENERATE_INFOPLIST_FILE = YES;
				MARKETING_VERSION = 1.0;
				PRODUCT_BUNDLE_IDENTIFIER = "Apple-Academy.HiboUITests";
				PRODUCT_NAME = "$(TARGET_NAME)";
				SWIFT_EMIT_LOC_STRINGS = NO;
				SWIFT_VERSION = 5.0;
				TARGETED_DEVICE_FAMILY = "1,2";
				TEST_TARGET_NAME = Hibo;
			};
			name = Release;
		};
/* End XCBuildConfiguration section */

/* Begin XCConfigurationList section */
		64E4E91128F57E9900C8C9EF /* Build configuration list for PBXProject "Hibo" */ = {
			isa = XCConfigurationList;
			buildConfigurations = (
				64E4E93E28F57E9A00C8C9EF /* Debug */,
				64E4E93F28F57E9A00C8C9EF /* Release */,
			);
			defaultConfigurationIsVisible = 0;
			defaultConfigurationName = Release;
		};
		64E4E94028F57E9A00C8C9EF /* Build configuration list for PBXNativeTarget "Hibo" */ = {
			isa = XCConfigurationList;
			buildConfigurations = (
				64E4E94128F57E9A00C8C9EF /* Debug */,
				64E4E94228F57E9A00C8C9EF /* Release */,
			);
			defaultConfigurationIsVisible = 0;
			defaultConfigurationName = Release;
		};
		64E4E94328F57E9A00C8C9EF /* Build configuration list for PBXNativeTarget "HiboTests" */ = {
			isa = XCConfigurationList;
			buildConfigurations = (
				64E4E94428F57E9A00C8C9EF /* Debug */,
				64E4E94528F57E9A00C8C9EF /* Release */,
			);
			defaultConfigurationIsVisible = 0;
			defaultConfigurationName = Release;
		};
		64E4E94628F57E9A00C8C9EF /* Build configuration list for PBXNativeTarget "HiboUITests" */ = {
			isa = XCConfigurationList;
			buildConfigurations = (
				64E4E94728F57E9A00C8C9EF /* Debug */,
				64E4E94828F57E9A00C8C9EF /* Release */,
			);
			defaultConfigurationIsVisible = 0;
			defaultConfigurationName = Release;
		};
/* End XCConfigurationList section */

/* Begin XCVersionGroup section */
		649006642902BE8D00C47AEB /* Hibo.xcdatamodeld */ = {
			isa = XCVersionGroup;
			children = (
				649006652902BE8D00C47AEB /* Hibo.xcdatamodel */,
			);
			currentVersion = 649006652902BE8D00C47AEB /* Hibo.xcdatamodel */;
			path = Hibo.xcdatamodeld;
			sourceTree = "<group>";
			versionGroupType = wrapper.xcdatamodel;
		};
/* End XCVersionGroup section */
	};
	rootObject = 64E4E90E28F57E9900C8C9EF /* Project object */;
}
