// !$*UTF8*$!
{
	archiveVersion = 1;
	classes = {
	};
	objectVersion = 56;
	objects = {

/* Begin PBXBuildFile section */
		64E4E91A28F57E9900C8C9EF /* AppDelegate.swift in Sources */ = {isa = PBXBuildFile; fileRef = 64E4E91928F57E9900C8C9EF /* AppDelegate.swift */; };
		64E4E91C28F57E9900C8C9EF /* SceneDelegate.swift in Sources */ = {isa = PBXBuildFile; fileRef = 64E4E91B28F57E9900C8C9EF /* SceneDelegate.swift */; };
		64E4E91E28F57E9900C8C9EF /* ViewController.swift in Sources */ = {isa = PBXBuildFile; fileRef = 64E4E91D28F57E9900C8C9EF /* ViewController.swift */; };
		64E4E92128F57E9900C8C9EF /* Main.storyboard in Resources */ = {isa = PBXBuildFile; fileRef = 64E4E91F28F57E9900C8C9EF /* Main.storyboard */; };
		64E4E92328F57E9A00C8C9EF /* Assets.xcassets in Resources */ = {isa = PBXBuildFile; fileRef = 64E4E92228F57E9A00C8C9EF /* Assets.xcassets */; };
		64E4E92628F57E9A00C8C9EF /* LaunchScreen.storyboard in Resources */ = {isa = PBXBuildFile; fileRef = 64E4E92428F57E9A00C8C9EF /* LaunchScreen.storyboard */; };
		64E4E93128F57E9A00C8C9EF /* HiboTests.swift in Sources */ = {isa = PBXBuildFile; fileRef = 64E4E93028F57E9A00C8C9EF /* HiboTests.swift */; };
		64E4E93B28F57E9A00C8C9EF /* HiboUITests.swift in Sources */ = {isa = PBXBuildFile; fileRef = 64E4E93A28F57E9A00C8C9EF /* HiboUITests.swift */; };
		64E4E93D28F57E9A00C8C9EF /* HiboUITestsLaunchTests.swift in Sources */ = {isa = PBXBuildFile; fileRef = 64E4E93C28F57E9A00C8C9EF /* HiboUITestsLaunchTests.swift */; };
/* End PBXBuildFile section */

/* Begin PBXContainerItemProxy section */
		64E4E92D28F57E9A00C8C9EF /* PBXContainerItemProxy */ = {
			isa = PBXContainerItemProxy;
			containerPortal = 64E4E90E28F57E9900C8C9EF /* Project object */;
			proxyType = 1;
			remoteGlobalIDString = 64E4E91528F57E9900C8C9EF;
			remoteInfo = Hibo;
		};
		64E4E93728F57E9A00C8C9EF /* PBXContainerItemProxy */ = {
			isa = PBXContainerItemProxy;
			containerPortal = 64E4E90E28F57E9900C8C9EF /* Project object */;
			proxyType = 1;
			remoteGlobalIDString = 64E4E91528F57E9900C8C9EF;
			remoteInfo = Hibo;
		};
/* End PBXContainerItemProxy section */

/* Begin PBXFileReference section */
		64E4E91628F57E9900C8C9EF /* Hibo.app */ = {isa = PBXFileReference; explicitFileType = wrapper.application; includeInIndex = 0; path = Hibo.app; sourceTree = BUILT_PRODUCTS_DIR; };
		64E4E91928F57E9900C8C9EF /* AppDelegate.swift */ = {isa = PBXFileReference; lastKnownFileType = sourcecode.swift; path = AppDelegate.swift; sourceTree = "<group>"; };
		64E4E91B28F57E9900C8C9EF /* SceneDelegate.swift */ = {isa = PBXFileReference; lastKnownFileType = sourcecode.swift; path = SceneDelegate.swift; sourceTree = "<group>"; };
		64E4E91D28F57E9900C8C9EF /* ViewController.swift */ = {isa = PBXFileReference; lastKnownFileType = sourcecode.swift; path = ViewController.swift; sourceTree = "<group>"; };
		64E4E92028F57E9900C8C9EF /* Base */ = {isa = PBXFileReference; lastKnownFileType = file.storyboard; name = Base; path = Base.lproj/Main.storyboard; sourceTree = "<group>"; };
		64E4E92228F57E9A00C8C9EF /* Assets.xcassets */ = {isa = PBXFileReference; lastKnownFileType = folder.assetcatalog; path = Assets.xcassets; sourceTree = "<group>"; };
		64E4E92528F57E9A00C8C9EF /* Base */ = {isa = PBXFileReference; lastKnownFileType = file.storyboard; name = Base; path = Base.lproj/LaunchScreen.storyboard; sourceTree = "<group>"; };
		64E4E92728F57E9A00C8C9EF /* Info.plist */ = {isa = PBXFileReference; lastKnownFileType = text.plist.xml; path = Info.plist; sourceTree = "<group>"; };
		64E4E92C28F57E9A00C8C9EF /* HiboTests.xctest */ = {isa = PBXFileReference; explicitFileType = wrapper.cfbundle; includeInIndex = 0; path = HiboTests.xctest; sourceTree = BUILT_PRODUCTS_DIR; };
		64E4E93028F57E9A00C8C9EF /* HiboTests.swift */ = {isa = PBXFileReference; lastKnownFileType = sourcecode.swift; path = HiboTests.swift; sourceTree = "<group>"; };
		64E4E93628F57E9A00C8C9EF /* HiboUITests.xctest */ = {isa = PBXFileReference; explicitFileType = wrapper.cfbundle; includeInIndex = 0; path = HiboUITests.xctest; sourceTree = BUILT_PRODUCTS_DIR; };
		64E4E93A28F57E9A00C8C9EF /* HiboUITests.swift */ = {isa = PBXFileReference; lastKnownFileType = sourcecode.swift; path = HiboUITests.swift; sourceTree = "<group>"; };
		64E4E93C28F57E9A00C8C9EF /* HiboUITestsLaunchTests.swift */ = {isa = PBXFileReference; lastKnownFileType = sourcecode.swift; path = HiboUITestsLaunchTests.swift; sourceTree = "<group>"; };
/* End PBXFileReference section */

/* Begin PBXFrameworksBuildPhase section */
		64E4E91328F57E9900C8C9EF /* Frameworks */ = {
			isa = PBXFrameworksBuildPhase;
			buildActionMask = 2147483647;
			files = (
			);
			runOnlyForDeploymentPostprocessing = 0;
		};
		64E4E92928F57E9A00C8C9EF /* Frameworks */ = {
			isa = PBXFrameworksBuildPhase;
			buildActionMask = 2147483647;
			files = (
			);
			runOnlyForDeploymentPostprocessing = 0;
		};
		64E4E93328F57E9A00C8C9EF /* Frameworks */ = {
			isa = PBXFrameworksBuildPhase;
			buildActionMask = 2147483647;
			files = (
			);
			runOnlyForDeploymentPostprocessing = 0;
		};
/* End PBXFrameworksBuildPhase section */

/* Begin PBXGroup section */
		64E4E90D28F57E9900C8C9EF = {
			isa = PBXGroup;
			children = (
				64E4E91828F57E9900C8C9EF /* Hibo */,
				64E4E92F28F57E9A00C8C9EF /* HiboTests */,
				64E4E93928F57E9A00C8C9EF /* HiboUITests */,
				64E4E91728F57E9900C8C9EF /* Products */,
			);
			sourceTree = "<group>";
		};
		64E4E91728F57E9900C8C9EF /* Products */ = {
			isa = PBXGroup;
			children = (
				64E4E91628F57E9900C8C9EF /* Hibo.app */,
				64E4E92C28F57E9A00C8C9EF /* HiboTests.xctest */,
				64E4E93628F57E9A00C8C9EF /* HiboUITests.xctest */,
			);
			name = Products;
			sourceTree = "<group>";
		};
		64E4E91828F57E9900C8C9EF /* Hibo */ = {
			isa = PBXGroup;
			children = (
				64E4E91928F57E9900C8C9EF /* AppDelegate.swift */,
				64E4E91B28F57E9900C8C9EF /* SceneDelegate.swift */,
				64E4E91D28F57E9900C8C9EF /* ViewController.swift */,
				64E4E91F28F57E9900C8C9EF /* Main.storyboard */,
				64E4E92228F57E9A00C8C9EF /* Assets.xcassets */,
				64E4E92428F57E9A00C8C9EF /* LaunchScreen.storyboard */,
				64E4E92728F57E9A00C8C9EF /* Info.plist */,
			);
			path = Hibo;
			sourceTree = "<group>";
		};
		64E4E92F28F57E9A00C8C9EF /* HiboTests */ = {
			isa = PBXGroup;
			children = (
				64E4E93028F57E9A00C8C9EF /* HiboTests.swift */,
			);
			path = HiboTests;
			sourceTree = "<group>";
		};
		64E4E93928F57E9A00C8C9EF /* HiboUITests */ = {
			isa = PBXGroup;
			children = (
				64E4E93A28F57E9A00C8C9EF /* HiboUITests.swift */,
				64E4E93C28F57E9A00C8C9EF /* HiboUITestsLaunchTests.swift */,
			);
			path = HiboUITests;
			sourceTree = "<group>";
		};
/* End PBXGroup section */

/* Begin PBXNativeTarget section */
		64E4E91528F57E9900C8C9EF /* Hibo */ = {
			isa = PBXNativeTarget;
			buildConfigurationList = 64E4E94028F57E9A00C8C9EF /* Build configuration list for PBXNativeTarget "Hibo" */;
			buildPhases = (
				64E4E91228F57E9900C8C9EF /* Sources */,
				64E4E91328F57E9900C8C9EF /* Frameworks */,
				64E4E91428F57E9900C8C9EF /* Resources */,
			);
			buildRules = (
			);
			dependencies = (
			);
			name = Hibo;
			productName = Hibo;
			productReference = 64E4E91628F57E9900C8C9EF /* Hibo.app */;
			productType = "com.apple.product-type.application";
		};
		64E4E92B28F57E9A00C8C9EF /* HiboTests */ = {
			isa = PBXNativeTarget;
			buildConfigurationList = 64E4E94328F57E9A00C8C9EF /* Build configuration list for PBXNativeTarget "HiboTests" */;
			buildPhases = (
				64E4E92828F57E9A00C8C9EF /* Sources */,
				64E4E92928F57E9A00C8C9EF /* Frameworks */,
				64E4E92A28F57E9A00C8C9EF /* Resources */,
			);
			buildRules = (
			);
			dependencies = (
				64E4E92E28F57E9A00C8C9EF /* PBXTargetDependency */,
			);
			name = HiboTests;
			productName = HiboTests;
			productReference = 64E4E92C28F57E9A00C8C9EF /* HiboTests.xctest */;
			productType = "com.apple.product-type.bundle.unit-test";
		};
		64E4E93528F57E9A00C8C9EF /* HiboUITests */ = {
			isa = PBXNativeTarget;
			buildConfigurationList = 64E4E94628F57E9A00C8C9EF /* Build configuration list for PBXNativeTarget "HiboUITests" */;
			buildPhases = (
				64E4E93228F57E9A00C8C9EF /* Sources */,
				64E4E93328F57E9A00C8C9EF /* Frameworks */,
				64E4E93428F57E9A00C8C9EF /* Resources */,
			);
			buildRules = (
			);
			dependencies = (
				64E4E93828F57E9A00C8C9EF /* PBXTargetDependency */,
			);
			name = HiboUITests;
			productName = HiboUITests;
			productReference = 64E4E93628F57E9A00C8C9EF /* HiboUITests.xctest */;
			productType = "com.apple.product-type.bundle.ui-testing";
		};
/* End PBXNativeTarget section */

/* Begin PBXProject section */
		64E4E90E28F57E9900C8C9EF /* Project object */ = {
			isa = PBXProject;
			attributes = {
				BuildIndependentTargetsInParallel = 1;
				LastSwiftUpdateCheck = 1400;
				LastUpgradeCheck = 1400;
				TargetAttributes = {
					64E4E91528F57E9900C8C9EF = {
						CreatedOnToolsVersion = 14.0;
					};
					64E4E92B28F57E9A00C8C9EF = {
						CreatedOnToolsVersion = 14.0;
						TestTargetID = 64E4E91528F57E9900C8C9EF;
					};
					64E4E93528F57E9A00C8C9EF = {
						CreatedOnToolsVersion = 14.0;
						TestTargetID = 64E4E91528F57E9900C8C9EF;
					};
				};
			};
			buildConfigurationList = 64E4E91128F57E9900C8C9EF /* Build configuration list for PBXProject "Hibo" */;
			compatibilityVersion = "Xcode 14.0";
			developmentRegion = en;
			hasScannedForEncodings = 0;
			knownRegions = (
				en,
				Base,
			);
			mainGroup = 64E4E90D28F57E9900C8C9EF;
			productRefGroup = 64E4E91728F57E9900C8C9EF /* Products */;
			projectDirPath = "";
			projectRoot = "";
			targets = (
				64E4E91528F57E9900C8C9EF /* Hibo */,
				64E4E92B28F57E9A00C8C9EF /* HiboTests */,
				64E4E93528F57E9A00C8C9EF /* HiboUITests */,
			);
		};
/* End PBXProject section */

/* Begin PBXResourcesBuildPhase section */
		64E4E91428F57E9900C8C9EF /* Resources */ = {
			isa = PBXResourcesBuildPhase;
			buildActionMask = 2147483647;
			files = (
				64E4E92628F57E9A00C8C9EF /* LaunchScreen.storyboard in Resources */,
				64E4E92328F57E9A00C8C9EF /* Assets.xcassets in Resources */,
				64E4E92128F57E9900C8C9EF /* Main.storyboard in Resources */,
			);
			runOnlyForDeploymentPostprocessing = 0;
		};
		64E4E92A28F57E9A00C8C9EF /* Resources */ = {
			isa = PBXResourcesBuildPhase;
			buildActionMask = 2147483647;
			files = (
			);
			runOnlyForDeploymentPostprocessing = 0;
		};
		64E4E93428F57E9A00C8C9EF /* Resources */ = {
			isa = PBXResourcesBuildPhase;
			buildActionMask = 2147483647;
			files = (
			);
			runOnlyForDeploymentPostprocessing = 0;
		};
/* End PBXResourcesBuildPhase section */

/* Begin PBXSourcesBuildPhase section */
		64E4E91228F57E9900C8C9EF /* Sources */ = {
			isa = PBXSourcesBuildPhase;
			buildActionMask = 2147483647;
			files = (
				64E4E91E28F57E9900C8C9EF /* ViewController.swift in Sources */,
				64E4E91A28F57E9900C8C9EF /* AppDelegate.swift in Sources */,
				64E4E91C28F57E9900C8C9EF /* SceneDelegate.swift in Sources */,
			);
			runOnlyForDeploymentPostprocessing = 0;
		};
		64E4E92828F57E9A00C8C9EF /* Sources */ = {
			isa = PBXSourcesBuildPhase;
			buildActionMask = 2147483647;
			files = (
				64E4E93128F57E9A00C8C9EF /* HiboTests.swift in Sources */,
			);
			runOnlyForDeploymentPostprocessing = 0;
		};
		64E4E93228F57E9A00C8C9EF /* Sources */ = {
			isa = PBXSourcesBuildPhase;
			buildActionMask = 2147483647;
			files = (
				64E4E93D28F57E9A00C8C9EF /* HiboUITestsLaunchTests.swift in Sources */,
				64E4E93B28F57E9A00C8C9EF /* HiboUITests.swift in Sources */,
			);
			runOnlyForDeploymentPostprocessing = 0;
		};
/* End PBXSourcesBuildPhase section */

/* Begin PBXTargetDependency section */
		64E4E92E28F57E9A00C8C9EF /* PBXTargetDependency */ = {
			isa = PBXTargetDependency;
			target = 64E4E91528F57E9900C8C9EF /* Hibo */;
			targetProxy = 64E4E92D28F57E9A00C8C9EF /* PBXContainerItemProxy */;
		};
		64E4E93828F57E9A00C8C9EF /* PBXTargetDependency */ = {
			isa = PBXTargetDependency;
			target = 64E4E91528F57E9900C8C9EF /* Hibo */;
			targetProxy = 64E4E93728F57E9A00C8C9EF /* PBXContainerItemProxy */;
		};
/* End PBXTargetDependency section */

/* Begin PBXVariantGroup section */
		64E4E91F28F57E9900C8C9EF /* Main.storyboard */ = {
			isa = PBXVariantGroup;
			children = (
				64E4E92028F57E9900C8C9EF /* Base */,
			);
			name = Main.storyboard;
			sourceTree = "<group>";
		};
		64E4E92428F57E9A00C8C9EF /* LaunchScreen.storyboard */ = {
			isa = PBXVariantGroup;
			children = (
				64E4E92528F57E9A00C8C9EF /* Base */,
			);
			name = LaunchScreen.storyboard;
			sourceTree = "<group>";
		};
/* End PBXVariantGroup section */

/* Begin XCBuildConfiguration section */
		64E4E93E28F57E9A00C8C9EF /* Debug */ = {
			isa = XCBuildConfiguration;
			buildSettings = {
				ALWAYS_SEARCH_USER_PATHS = NO;
				CLANG_ANALYZER_NONNULL = YES;
				CLANG_ANALYZER_NUMBER_OBJECT_CONVERSION = YES_AGGRESSIVE;
				CLANG_CXX_LANGUAGE_STANDARD = "gnu++20";
				CLANG_ENABLE_MODULES = YES;
				CLANG_ENABLE_OBJC_ARC = YES;
				CLANG_ENABLE_OBJC_WEAK = YES;
				CLANG_WARN_BLOCK_CAPTURE_AUTORELEASING = YES;
				CLANG_WARN_BOOL_CONVERSION = YES;
				CLANG_WARN_COMMA = YES;
				CLANG_WARN_CONSTANT_CONVERSION = YES;
				CLANG_WARN_DEPRECATED_OBJC_IMPLEMENTATIONS = YES;
				CLANG_WARN_DIRECT_OBJC_ISA_USAGE = YES_ERROR;
				CLANG_WARN_DOCUMENTATION_COMMENTS = YES;
				CLANG_WARN_EMPTY_BODY = YES;
				CLANG_WARN_ENUM_CONVERSION = YES;
				CLANG_WARN_INFINITE_RECURSION = YES;
				CLANG_WARN_INT_CONVERSION = YES;
				CLANG_WARN_NON_LITERAL_NULL_CONVERSION = YES;
				CLANG_WARN_OBJC_IMPLICIT_RETAIN_SELF = YES;
				CLANG_WARN_OBJC_LITERAL_CONVERSION = YES;
				CLANG_WARN_OBJC_ROOT_CLASS = YES_ERROR;
				CLANG_WARN_QUOTED_INCLUDE_IN_FRAMEWORK_HEADER = YES;
				CLANG_WARN_RANGE_LOOP_ANALYSIS = YES;
				CLANG_WARN_STRICT_PROTOTYPES = YES;
				CLANG_WARN_SUSPICIOUS_MOVE = YES;
				CLANG_WARN_UNGUARDED_AVAILABILITY = YES_AGGRESSIVE;
				CLANG_WARN_UNREACHABLE_CODE = YES;
				CLANG_WARN__DUPLICATE_METHOD_MATCH = YES;
				COPY_PHASE_STRIP = NO;
				DEBUG_INFORMATION_FORMAT = dwarf;
				ENABLE_STRICT_OBJC_MSGSEND = YES;
				ENABLE_TESTABILITY = YES;
				GCC_C_LANGUAGE_STANDARD = gnu11;
				GCC_DYNAMIC_NO_PIC = NO;
				GCC_NO_COMMON_BLOCKS = YES;
				GCC_OPTIMIZATION_LEVEL = 0;
				GCC_PREPROCESSOR_DEFINITIONS = (
					"DEBUG=1",
					"$(inherited)",
				);
				GCC_WARN_64_TO_32_BIT_CONVERSION = YES;
				GCC_WARN_ABOUT_RETURN_TYPE = YES_ERROR;
				GCC_WARN_UNDECLARED_SELECTOR = YES;
				GCC_WARN_UNINITIALIZED_AUTOS = YES_AGGRESSIVE;
				GCC_WARN_UNUSED_FUNCTION = YES;
				GCC_WARN_UNUSED_VARIABLE = YES;
				IPHONEOS_DEPLOYMENT_TARGET = 16.0;
				MTL_ENABLE_DEBUG_INFO = INCLUDE_SOURCE;
				MTL_FAST_MATH = YES;
				ONLY_ACTIVE_ARCH = YES;
				SDKROOT = iphoneos;
				SWIFT_ACTIVE_COMPILATION_CONDITIONS = DEBUG;
				SWIFT_OPTIMIZATION_LEVEL = "-Onone";
			};
			name = Debug;
		};
		64E4E93F28F57E9A00C8C9EF /* Release */ = {
			isa = XCBuildConfiguration;
			buildSettings = {
				ALWAYS_SEARCH_USER_PATHS = NO;
				CLANG_ANALYZER_NONNULL = YES;
				CLANG_ANALYZER_NUMBER_OBJECT_CONVERSION = YES_AGGRESSIVE;
				CLANG_CXX_LANGUAGE_STANDARD = "gnu++20";
				CLANG_ENABLE_MODULES = YES;
				CLANG_ENABLE_OBJC_ARC = YES;
				CLANG_ENABLE_OBJC_WEAK = YES;
				CLANG_WARN_BLOCK_CAPTURE_AUTORELEASING = YES;
				CLANG_WARN_BOOL_CONVERSION = YES;
				CLANG_WARN_COMMA = YES;
				CLANG_WARN_CONSTANT_CONVERSION = YES;
				CLANG_WARN_DEPRECATED_OBJC_IMPLEMENTATIONS = YES;
				CLANG_WARN_DIRECT_OBJC_ISA_USAGE = YES_ERROR;
				CLANG_WARN_DOCUMENTATION_COMMENTS = YES;
				CLANG_WARN_EMPTY_BODY = YES;
				CLANG_WARN_ENUM_CONVERSION = YES;
				CLANG_WARN_INFINITE_RECURSION = YES;
				CLANG_WARN_INT_CONVERSION = YES;
				CLANG_WARN_NON_LITERAL_NULL_CONVERSION = YES;
				CLANG_WARN_OBJC_IMPLICIT_RETAIN_SELF = YES;
				CLANG_WARN_OBJC_LITERAL_CONVERSION = YES;
				CLANG_WARN_OBJC_ROOT_CLASS = YES_ERROR;
				CLANG_WARN_QUOTED_INCLUDE_IN_FRAMEWORK_HEADER = YES;
				CLANG_WARN_RANGE_LOOP_ANALYSIS = YES;
				CLANG_WARN_STRICT_PROTOTYPES = YES;
				CLANG_WARN_SUSPICIOUS_MOVE = YES;
				CLANG_WARN_UNGUARDED_AVAILABILITY = YES_AGGRESSIVE;
				CLANG_WARN_UNREACHABLE_CODE = YES;
				CLANG_WARN__DUPLICATE_METHOD_MATCH = YES;
				COPY_PHASE_STRIP = NO;
				DEBUG_INFORMATION_FORMAT = "dwarf-with-dsym";
				ENABLE_NS_ASSERTIONS = NO;
				ENABLE_STRICT_OBJC_MSGSEND = YES;
				GCC_C_LANGUAGE_STANDARD = gnu11;
				GCC_NO_COMMON_BLOCKS = YES;
				GCC_WARN_64_TO_32_BIT_CONVERSION = YES;
				GCC_WARN_ABOUT_RETURN_TYPE = YES_ERROR;
				GCC_WARN_UNDECLARED_SELECTOR = YES;
				GCC_WARN_UNINITIALIZED_AUTOS = YES_AGGRESSIVE;
				GCC_WARN_UNUSED_FUNCTION = YES;
				GCC_WARN_UNUSED_VARIABLE = YES;
				IPHONEOS_DEPLOYMENT_TARGET = 16.0;
				MTL_ENABLE_DEBUG_INFO = NO;
				MTL_FAST_MATH = YES;
				SDKROOT = iphoneos;
				SWIFT_COMPILATION_MODE = wholemodule;
				SWIFT_OPTIMIZATION_LEVEL = "-O";
				VALIDATE_PRODUCT = YES;
			};
			name = Release;
		};
		64E4E94128F57E9A00C8C9EF /* Debug */ = {
			isa = XCBuildConfiguration;
			buildSettings = {
				ASSETCATALOG_COMPILER_APPICON_NAME = AppIcon;
				ASSETCATALOG_COMPILER_GLOBAL_ACCENT_COLOR_NAME = AccentColor;
				CODE_SIGN_STYLE = Automatic;
				CURRENT_PROJECT_VERSION = 1;
				DEVELOPMENT_TEAM = D77WMSS6V2;
				GENERATE_INFOPLIST_FILE = YES;
				INFOPLIST_FILE = Hibo/Info.plist;
				INFOPLIST_KEY_UIApplicationSupportsIndirectInputEvents = YES;
				INFOPLIST_KEY_UILaunchStoryboardName = LaunchScreen;
				INFOPLIST_KEY_UIMainStoryboardFile = Main;
				INFOPLIST_KEY_UISupportedInterfaceOrientations_iPad = "UIInterfaceOrientationPortrait UIInterfaceOrientationPortraitUpsideDown UIInterfaceOrientationLandscapeLeft UIInterfaceOrientationLandscapeRight";
				INFOPLIST_KEY_UISupportedInterfaceOrientations_iPhone = "UIInterfaceOrientationPortrait UIInterfaceOrientationLandscapeLeft UIInterfaceOrientationLandscapeRight";
				LD_RUNPATH_SEARCH_PATHS = (
					"$(inherited)",
					"@executable_path/Frameworks",
				);
				MARKETING_VERSION = 1.0;
				PRODUCT_BUNDLE_IDENTIFIER = "Apple-Academy.Hibo";
				PRODUCT_NAME = "$(TARGET_NAME)";
				SWIFT_EMIT_LOC_STRINGS = YES;
				SWIFT_VERSION = 5.0;
				TARGETED_DEVICE_FAMILY = "1,2";
			};
			name = Debug;
		};
		64E4E94228F57E9A00C8C9EF /* Release */ = {
			isa = XCBuildConfiguration;
			buildSettings = {
				ASSETCATALOG_COMPILER_APPICON_NAME = AppIcon;
				ASSETCATALOG_COMPILER_GLOBAL_ACCENT_COLOR_NAME = AccentColor;
				CODE_SIGN_STYLE = Automatic;
				CURRENT_PROJECT_VERSION = 1;
				DEVELOPMENT_TEAM = D77WMSS6V2;
				GENERATE_INFOPLIST_FILE = YES;
				INFOPLIST_FILE = Hibo/Info.plist;
				INFOPLIST_KEY_UIApplicationSupportsIndirectInputEvents = YES;
				INFOPLIST_KEY_UILaunchStoryboardName = LaunchScreen;
				INFOPLIST_KEY_UIMainStoryboardFile = Main;
				INFOPLIST_KEY_UISupportedInterfaceOrientations_iPad = "UIInterfaceOrientationPortrait UIInterfaceOrientationPortraitUpsideDown UIInterfaceOrientationLandscapeLeft UIInterfaceOrientationLandscapeRight";
				INFOPLIST_KEY_UISupportedInterfaceOrientations_iPhone = "UIInterfaceOrientationPortrait UIInterfaceOrientationLandscapeLeft UIInterfaceOrientationLandscapeRight";
				LD_RUNPATH_SEARCH_PATHS = (
					"$(inherited)",
					"@executable_path/Frameworks",
				);
				MARKETING_VERSION = 1.0;
				PRODUCT_BUNDLE_IDENTIFIER = "Apple-Academy.Hibo";
				PRODUCT_NAME = "$(TARGET_NAME)";
				SWIFT_EMIT_LOC_STRINGS = YES;
				SWIFT_VERSION = 5.0;
				TARGETED_DEVICE_FAMILY = "1,2";
			};
			name = Release;
		};
		64E4E94428F57E9A00C8C9EF /* Debug */ = {
			isa = XCBuildConfiguration;
			buildSettings = {
				ALWAYS_EMBED_SWIFT_STANDARD_LIBRARIES = YES;
				BUNDLE_LOADER = "$(TEST_HOST)";
				CODE_SIGN_STYLE = Automatic;
				CURRENT_PROJECT_VERSION = 1;
				DEVELOPMENT_TEAM = D77WMSS6V2;
				GENERATE_INFOPLIST_FILE = YES;
				IPHONEOS_DEPLOYMENT_TARGET = 16.0;
				MARKETING_VERSION = 1.0;
				PRODUCT_BUNDLE_IDENTIFIER = "Apple-Academy.HiboTests";
				PRODUCT_NAME = "$(TARGET_NAME)";
				SWIFT_EMIT_LOC_STRINGS = NO;
				SWIFT_VERSION = 5.0;
				TARGETED_DEVICE_FAMILY = "1,2";
				TEST_HOST = "$(BUILT_PRODUCTS_DIR)/Hibo.app/$(BUNDLE_EXECUTABLE_FOLDER_PATH)/Hibo";
			};
			name = Debug;
		};
		64E4E94528F57E9A00C8C9EF /* Release */ = {
			isa = XCBuildConfiguration;
			buildSettings = {
				ALWAYS_EMBED_SWIFT_STANDARD_LIBRARIES = YES;
				BUNDLE_LOADER = "$(TEST_HOST)";
				CODE_SIGN_STYLE = Automatic;
				CURRENT_PROJECT_VERSION = 1;
				DEVELOPMENT_TEAM = D77WMSS6V2;
				GENERATE_INFOPLIST_FILE = YES;
				IPHONEOS_DEPLOYMENT_TARGET = 16.0;
				MARKETING_VERSION = 1.0;
				PRODUCT_BUNDLE_IDENTIFIER = "Apple-Academy.HiboTests";
				PRODUCT_NAME = "$(TARGET_NAME)";
				SWIFT_EMIT_LOC_STRINGS = NO;
				SWIFT_VERSION = 5.0;
				TARGETED_DEVICE_FAMILY = "1,2";
				TEST_HOST = "$(BUILT_PRODUCTS_DIR)/Hibo.app/$(BUNDLE_EXECUTABLE_FOLDER_PATH)/Hibo";
			};
			name = Release;
		};
		64E4E94728F57E9A00C8C9EF /* Debug */ = {
			isa = XCBuildConfiguration;
			buildSettings = {
				ALWAYS_EMBED_SWIFT_STANDARD_LIBRARIES = YES;
				CODE_SIGN_STYLE = Automatic;
				CURRENT_PROJECT_VERSION = 1;
				DEVELOPMENT_TEAM = D77WMSS6V2;
				GENERATE_INFOPLIST_FILE = YES;
				MARKETING_VERSION = 1.0;
				PRODUCT_BUNDLE_IDENTIFIER = "Apple-Academy.HiboUITests";
				PRODUCT_NAME = "$(TARGET_NAME)";
				SWIFT_EMIT_LOC_STRINGS = NO;
				SWIFT_VERSION = 5.0;
				TARGETED_DEVICE_FAMILY = "1,2";
				TEST_TARGET_NAME = Hibo;
			};
			name = Debug;
		};
		64E4E94828F57E9A00C8C9EF /* Release */ = {
			isa = XCBuildConfiguration;
			buildSettings = {
				ALWAYS_EMBED_SWIFT_STANDARD_LIBRARIES = YES;
				CODE_SIGN_STYLE = Automatic;
				CURRENT_PROJECT_VERSION = 1;
				DEVELOPMENT_TEAM = D77WMSS6V2;
				GENERATE_INFOPLIST_FILE = YES;
				MARKETING_VERSION = 1.0;
				PRODUCT_BUNDLE_IDENTIFIER = "Apple-Academy.HiboUITests";
				PRODUCT_NAME = "$(TARGET_NAME)";
				SWIFT_EMIT_LOC_STRINGS = NO;
				SWIFT_VERSION = 5.0;
				TARGETED_DEVICE_FAMILY = "1,2";
				TEST_TARGET_NAME = Hibo;
			};
			name = Release;
		};
/* End XCBuildConfiguration section */

/* Begin XCConfigurationList section */
		64E4E91128F57E9900C8C9EF /* Build configuration list for PBXProject "Hibo" */ = {
			isa = XCConfigurationList;
			buildConfigurations = (
				64E4E93E28F57E9A00C8C9EF /* Debug */,
				64E4E93F28F57E9A00C8C9EF /* Release */,
			);
			defaultConfigurationIsVisible = 0;
			defaultConfigurationName = Release;
		};
		64E4E94028F57E9A00C8C9EF /* Build configuration list for PBXNativeTarget "Hibo" */ = {
			isa = XCConfigurationList;
			buildConfigurations = (
				64E4E94128F57E9A00C8C9EF /* Debug */,
				64E4E94228F57E9A00C8C9EF /* Release */,
			);
			defaultConfigurationIsVisible = 0;
			defaultConfigurationName = Release;
		};
		64E4E94328F57E9A00C8C9EF /* Build configuration list for PBXNativeTarget "HiboTests" */ = {
			isa = XCConfigurationList;
			buildConfigurations = (
				64E4E94428F57E9A00C8C9EF /* Debug */,
				64E4E94528F57E9A00C8C9EF /* Release */,
			);
			defaultConfigurationIsVisible = 0;
			defaultConfigurationName = Release;
		};
		64E4E94628F57E9A00C8C9EF /* Build configuration list for PBXNativeTarget "HiboUITests" */ = {
			isa = XCConfigurationList;
			buildConfigurations = (
				64E4E94728F57E9A00C8C9EF /* Debug */,
				64E4E94828F57E9A00C8C9EF /* Release */,
			);
			defaultConfigurationIsVisible = 0;
			defaultConfigurationName = Release;
		};
/* End XCConfigurationList section */
	};
	rootObject = 64E4E90E28F57E9900C8C9EF /* Project object */;
}
